PODS:
  - connectivity_plus (0.0.1):
    - Flutter
    - ReachabilitySwift
  - DKImagePickerController/Core (4.3.9):
    - DKImagePickerController/ImageDataManager
    - DKImagePickerController/Resource
  - DKImagePickerController/ImageDataManager (4.3.9)
  - DKImagePickerController/PhotoGallery (4.3.9):
    - DKImagePickerController/Core
    - DKPhotoGallery
  - DKImagePickerController/Resource (4.3.9)
  - DKPhotoGallery (0.0.19):
    - DKPhotoGallery/Core (= 0.0.19)
    - DKPhotoGallery/Model (= 0.0.19)
    - DKPhotoGallery/Preview (= 0.0.19)
    - DKPhotoGallery/Resource (= 0.0.19)
    - SDWebImage
    - SwiftyGif
  - DKPhotoGallery/Core (0.0.19):
    - DKPhotoGallery/Model
    - DKPhotoGallery/Preview
    - SDWebImage
    - SwiftyGif
  - DKPhotoGallery/Model (0.0.19):
    - SDWebImage
    - SwiftyGif
  - DKPhotoGallery/Preview (0.0.19):
    - DKPhotoGallery/Model
    - DKPhotoGallery/Resource
    - SDWebImage
    - SwiftyGif
  - DKPhotoGallery/Resource (0.0.19):
    - SDWebImage
    - SwiftyGif
  - file_picker (0.0.1):
    - DKImagePickerController/PhotoGallery
    - Flutter
  - Flutter (1.0.0)
  - flutter_secure_storage (6.0.0):
    - Flutter
  - fluttertoast (0.0.2):
    - Flutter
  - geolocator_apple (1.2.0):
    - Flutter
    - FlutterMacOS
  - Google-Maps-iOS-Utils (5.0.0):
    - GoogleMaps (~> 8.0)
  - google_maps_flutter_ios (0.0.1):
    - Flutter
    - Google-Maps-iOS-Utils (< 7.0, >= 5.0)
    - GoogleMaps (< 11.0, >= 8.4)
  - GoogleMaps (8.4.0):
    - GoogleMaps/Maps (= 8.4.0)
  - GoogleMaps/Base (8.4.0)
  - GoogleMaps/Maps (8.4.0):
    - GoogleMaps/Base
  - image_picker_ios (0.0.1):
    - Flutter
  - otp_autofill (0.0.1):
    - Flutter
  - permission_handler_apple (9.4.8):
    - Flutter
  - razorpay-core-pod (1.0.7)
  - razorpay-pod (1.5.6):
    - razorpay-core-pod (= 1.0.7)
  - razorpay_flutter (1.1.10):
    - Flutter
    - razorpay-pod
  - ReachabilitySwift (5.2.4)
  - SDWebImage (5.21.7):
    - SDWebImage/Core (= 5.21.7)
  - SDWebImage/Core (5.21.7)
  - sqflite_darwin (0.0.4):
    - Flutter
    - FlutterMacOS
  - Stripe (25.17.0):
    - StripeApplePay (= 25.17.0)
    - StripeCore (= 25.17.0)
    - StripeIssuing (= 25.17.0)
    - StripePayments (= 25.17.0)
    - StripePaymentsUI (= 25.17.0)
    - StripeUICore (= 25.17.0)
  - stripe_ios (0.0.1):
    - Flutter
    - Stripe (~> 25.17.0)
    - stripe_ios/stripe_ios (= 0.0.1)
    - stripe_ios/stripe_objc (= 0.0.1)
    - StripeApplePay (~> 25.17.0)
    - StripeFinancialConnections (~> 25.17.0)
    - StripePayments (~> 25.17.0)
    - StripePaymentSheet (~> 25.17.0)
    - StripePaymentsUI (~> 25.17.0)
  - stripe_ios/stripe_ios (0.0.1):
    - Flutter
    - Stripe (~> 25.17.0)
    - stripe_ios/stripe_objc
    - StripeApplePay (~> 25.17.0)
    - StripeFinancialConnections (~> 25.17.0)
    - StripePayments (~> 25.17.0)
    - StripePaymentSheet (~> 25.17.0)
    - StripePaymentsUI (~> 25.17.0)
  - stripe_ios/stripe_objc (0.0.1):
    - Flutter
    - Stripe (~> 25.17.0)
    - StripeApplePay (~> 25.17.0)
    - StripeFinancialConnections (~> 25.17.0)
    - StripePayments (~> 25.17.0)
    - StripePaymentSheet (~> 25.17.0)
    - StripePaymentsUI (~> 25.17.0)
  - StripeApplePay (25.17.0):
    - StripeCore (= 25.17.0)
  - StripeCore (25.17.0)
  - StripeFinancialConnections (25.17.0):
    - StripeCore (= 25.17.0)
    - StripeUICore (= 25.17.0)
  - StripeIssuing (25.17.0):
    - StripeCore (= 25.17.0)
    - StripePayments (= 25.17.0)
    - StripePaymentsUI (= 25.17.0)
  - StripePayments (25.17.0):
    - StripeCore (= 25.17.0)
    - StripePayments/Stripe3DS2 (= 25.17.0)
  - StripePayments/Stripe3DS2 (25.17.0):
    - StripeCore (= 25.17.0)
  - StripePaymentSheet (25.17.0):
    - StripeApplePay (= 25.17.0)
    - StripeCore (= 25.17.0)
    - StripePayments (= 25.17.0)
    - StripePaymentsUI (= 25.17.0)
  - StripePaymentsUI (25.17.0):
    - StripeCore (= 25.17.0)
    - StripePayments (= 25.17.0)
    - StripeUICore (= 25.17.0)
  - StripeUICore (25.17.0):
    - StripeCore (= 25.17.0)
  - SwiftyGif (5.4.5)

DEPENDENCIES:
  - connectivity_plus (from `.symlinks/plugins/connectivity_plus/ios`)
  - file_picker (from `.symlinks/plugins/file_picker/ios`)
  - Flutter (from `Flutter`)
  - flutter_secure_storage (from `.symlinks/plugins/flutter_secure_storage/ios`)
  - fluttertoast (from `.symlinks/plugins/fluttertoast/ios`)
  - geolocator_apple (from `.symlinks/plugins/geolocator_apple/darwin`)
  - google_maps_flutter_ios (from `.symlinks/plugins/google_maps_flutter_ios/ios`)
  - image_picker_ios (from `.symlinks/plugins/image_picker_ios/ios`)
  - otp_autofill (from `.symlinks/plugins/otp_autofill/ios`)
  - permission_handler_apple (from `.symlinks/plugins/permission_handler_apple/ios`)
  - razorpay_flutter (from `.symlinks/plugins/razorpay_flutter/ios`)
  - sqflite_darwin (from `.symlinks/plugins/sqflite_darwin/darwin`)
  - stripe_ios (from `.symlinks/plugins/stripe_ios/ios`)

SPEC REPOS:
  trunk:
    - DKImagePickerController
    - DKPhotoGallery
    - Google-Maps-iOS-Utils
    - GoogleMaps
    - razorpay-core-pod
    - razorpay-pod
    - ReachabilitySwift
    - SDWebImage
    - Stripe
    - StripeApplePay
    - StripeCore
    - StripeFinancialConnections
    - StripeIssuing
    - StripePayments
    - StripePaymentSheet
    - StripePaymentsUI
    - StripeUICore
    - SwiftyGif

EXTERNAL SOURCES:
  connectivity_plus:
    :path: ".symlinks/plugins/connectivity_plus/ios"
  file_picker:
    :path: ".symlinks/plugins/file_picker/ios"
  Flutter:
    :path: Flutter
  flutter_secure_storage:
    :path: ".symlinks/plugins/flutter_secure_storage/ios"
  fluttertoast:
    :path: ".symlinks/plugins/fluttertoast/ios"
  geolocator_apple:
    :path: ".symlinks/plugins/geolocator_apple/darwin"
  google_maps_flutter_ios:
    :path: ".symlinks/plugins/google_maps_flutter_ios/ios"
  image_picker_ios:
    :path: ".symlinks/plugins/image_picker_ios/ios"
  otp_autofill:
    :path: ".symlinks/plugins/otp_autofill/ios"
  permission_handler_apple:
    :path: ".symlinks/plugins/permission_handler_apple/ios"
  razorpay_flutter:
    :path: ".symlinks/plugins/razorpay_flutter/ios"
  sqflite_darwin:
    :path: ".symlinks/plugins/sqflite_darwin/darwin"
  stripe_ios:
    :path: ".symlinks/plugins/stripe_ios/ios"

SPEC CHECKSUMS:
  connectivity_plus: bf0076dd84a130856aa636df1c71ccaff908fa1d
  DKImagePickerController: 946cec48c7873164274ecc4624d19e3da4c1ef3c
  DKPhotoGallery: b3834fecb755ee09a593d7c9e389d8b5d6deed60
  file_picker: b159e0c068aef54932bb15dc9fd1571818edaf49
  Flutter: cabc95a1d2626b1b06e7179b784ebcf0c0cde467
  flutter_secure_storage: d33dac7ae2ea08509be337e775f6b59f1ff45f12
  fluttertoast: fac57e14a92926e51402ed1da7a53ecd30588a44
  geolocator_apple: 66b711889fd333205763b83c9dcf0a57a28c7afd
  Google-Maps-iOS-Utils: 66d6de12be1ce6d3742a54661e7a79cb317a9321
  google_maps_flutter_ios: 5f2ee3f5cc4fc2398574367f893e3f97bbbcea39
  GoogleMaps: 8939898920281c649150e0af74aa291c60f2e77d
  image_picker_ios: 4f2f91b01abdb52842a8e277617df877e40f905b
  otp_autofill: 93bcc21475705d35445927cb9aef24e818bbf083
  permission_handler_apple: ee2fe0fd04551b304eb002714ff067c371c822ed
  razorpay-core-pod: c7f3ac3d214c1a7fac4e9a59c1de7eac02130573
  razorpay-pod: e939db88bc67c33a84bcc419505b8546b1081023
  razorpay_flutter: 84b3bfd206ae9c9c2a9ba585524a1b3d8102b6c1
  ReachabilitySwift: 32793e867593cfc1177f5d16491e3a197d2fccda
  SDWebImage: e9fc87c1aab89a8ab1bbd74eba378c6f53be8abf
  sqflite_darwin: 5a7236e3b501866c1c9befc6771dfd73ffb8702d
  Stripe: da4f210385ff97d786968eb751d5c0d5c47ba539
  stripe_ios: c7e042348212347ffb10dae3d0fe94465cdf78c9
  StripeApplePay: 7b1b6e86eb75be5d4bcf109c34224adf38000fe2
  StripeCore: 60849de0ae448eb9a7ed4ee8208acce78832b255
  StripeFinancialConnections: 280e67822cea7a8f89fb4fa97e6e7fb7293cff27
  StripeIssuing: 7ece6d6d59ddb8636de386257175e71ced6966ad
  StripePayments: befce228ec3545503c6ac54603b7e5a7cdb01a06
  StripePaymentSheet: 11fe4afb439379bf905a09d99d99b80a6fac5cf1
  StripePaymentsUI: c0e4426ec5aeaaedf3e4f32d30b77c4ef6e3dafa
  StripeUICore: 124b860ab571114c2dec947d7b66a11e0d3238b6
  SwiftyGif: 706c60cf65fa2bc5ee0313beece843c8eb8194d4

PODFILE CHECKSUM: e30f02f9d1c72c47bb6344a0a748c9d268180865

COCOAPODS: 1.16.2
